
Microsoft Visual Studio Solution File, Format Version 12.00
# Visual Studio Version 17
VisualStudioVersion = 17.4.33103.184
MinimumVisualStudioVersion = 10.0.40219.1
Project("{FAE04EC0-301F-11D3-BF4B-00C04F79EFBC}") = "Simple Calculator", "Simple Calculator.csproj", "{5FB6A60A-E6E0-4009-9B26-B16FC71F2029}"
EndProject
Global
	GlobalSection(SolutionConfigurationPlatforms) = preSolution
		Debug|Any CPU = Debug|Any CPU
		Release|Any CPU = Release|Any CPU
	EndGlobalSection
	GlobalSection(ProjectConfigurationPlatforms) = postSolution
		{5FB6A60A-E6E0-4009-9B26-B16FC71F2029}.Debug|Any CPU.ActiveCfg = Debug|Any CPU
		{5FB6A60A-E6E0-4009-9B26-B16FC71F2029}.Debug|Any CPU.Build.0 = Debug|Any CPU
		{5FB6A60A-E6E0-4009-9B26-B16FC71F2029}.Release|Any CPU.ActiveCfg = Release|Any CPU
		{5FB6A60A-E6E0-4009-9B26-B16FC71F2029}.Release|Any CPU.Build.0 = Release|Any CPU
	EndGlobalSection
	GlobalSection(SolutionProperties) = preSolution
		HideSolutionNode = FALSE
	EndGlobalSection
	GlobalSection(ExtensibilityGlobals) = postSolution
		SolutionGuid = {CAAA6EEC-B716-448C-AFA9-E39625D84962}
	EndGlobalSection
EndGlobal
