
Microsoft Visual Studio Solution File, Format Version 12.00
# Visual Studio Version 17
VisualStudioVersion = 17.4.33103.184
MinimumVisualStudioVersion = 10.0.40219.1
Project("{FAE04EC0-301F-11D3-BF4B-00C04F79EFBC}") = "OOP", "OOP.csproj", "{2F9F29C9-612B-40DB-B3D3-8438F787E717}"
EndProject
Global
	GlobalSection(SolutionConfigurationPlatforms) = preSolution
		Debug|Any CPU = Debug|Any CPU
		Release|Any CPU = Release|Any CPU
	EndGlobalSection
	GlobalSection(ProjectConfigurationPlatforms) = postSolution
		{2F9F29C9-612B-40DB-B3D3-8438F787E717}.Debug|Any CPU.ActiveCfg = Debug|Any CPU
		{2F9F29C9-612B-40DB-B3D3-8438F787E717}.Debug|Any CPU.Build.0 = Debug|Any CPU
		{2F9F29C9-612B-40DB-B3D3-8438F787E717}.Release|Any CPU.ActiveCfg = Release|Any CPU
		{2F9F29C9-612B-40DB-B3D3-8438F787E717}.Release|Any CPU.Build.0 = Release|Any CPU
	EndGlobalSection
	GlobalSection(SolutionProperties) = preSolution
		HideSolutionNode = FALSE
	EndGlobalSection
	GlobalSection(ExtensibilityGlobals) = postSolution
		SolutionGuid = {6C385172-4591-442E-AE2D-7A6B2A7F80DC}
	EndGlobalSection
EndGlobal
